PODS:
  - abseil/algorithm (1.20220623.0):
    - abseil/algorithm/algorithm (= 1.20220623.0)
    - abseil/algorithm/container (= 1.20220623.0)
  - abseil/algorithm/algorithm (1.20220623.0):
    - abseil/base/config
  - abseil/algorithm/container (1.20220623.0):
    - abseil/algorithm/algorithm
    - abseil/base/core_headers
    - abseil/meta/type_traits
  - abseil/base (1.20220623.0):
    - abseil/base/atomic_hook (= 1.20220623.0)
    - abseil/base/base (= 1.20220623.0)
    - abseil/base/base_internal (= 1.20220623.0)
    - abseil/base/config (= 1.20220623.0)
    - abseil/base/core_headers (= 1.20220623.0)
    - abseil/base/dynamic_annotations (= 1.20220623.0)
    - abseil/base/endian (= 1.20220623.0)
    - abseil/base/errno_saver (= 1.20220623.0)
    - abseil/base/fast_type_id (= 1.20220623.0)
    - abseil/base/log_severity (= 1.20220623.0)
    - abseil/base/malloc_internal (= 1.20220623.0)
    - abseil/base/prefetch (= 1.20220623.0)
    - abseil/base/pretty_function (= 1.20220623.0)
    - abseil/base/raw_logging_internal (= 1.20220623.0)
    - abseil/base/spinlock_wait (= 1.20220623.0)
    - abseil/base/strerror (= 1.20220623.0)
    - abseil/base/throw_delegate (= 1.20220623.0)
  - abseil/base/atomic_hook (1.20220623.0):
    - abseil/base/config
    - abseil/base/core_headers
  - abseil/base/base (1.20220623.0):
    - abseil/base/atomic_hook
    - abseil/base/base_internal
    - abseil/base/config
    - abseil/base/core_headers
    - abseil/base/dynamic_annotations
    - abseil/base/log_severity
    - abseil/base/raw_logging_internal
    - abseil/base/spinlock_wait
    - abseil/meta/type_traits
  - abseil/base/base_internal (1.20220623.0):
    - abseil/base/config
    - abseil/meta/type_traits
  - abseil/base/config (1.20220623.0)
  - abseil/base/core_headers (1.20220623.0):
    - abseil/base/config
  - abseil/base/dynamic_annotations (1.20220623.0):
    - abseil/base/config
    - abseil/base/core_headers
  - abseil/base/endian (1.20220623.0):
    - abseil/base/base
    - abseil/base/config
    - abseil/base/core_headers
  - abseil/base/errno_saver (1.20220623.0):
    - abseil/base/config
  - abseil/base/fast_type_id (1.20220623.0):
    - abseil/base/config
  - abseil/base/log_severity (1.20220623.0):
    - abseil/base/config
    - abseil/base/core_headers
  - abseil/base/malloc_internal (1.20220623.0):
    - abseil/base/base
    - abseil/base/base_internal
    - abseil/base/config
    - abseil/base/core_headers
    - abseil/base/dynamic_annotations
    - abseil/base/raw_logging_internal
  - abseil/base/prefetch (1.20220623.0):
    - abseil/base/config
  - abseil/base/pretty_function (1.20220623.0)
  - abseil/base/raw_logging_internal (1.20220623.0):
    - abseil/base/atomic_hook
    - abseil/base/config
    - abseil/base/core_headers
    - abseil/base/errno_saver
    - abseil/base/log_severity
  - abseil/base/spinlock_wait (1.20220623.0):
    - abseil/base/base_internal
    - abseil/base/core_headers
    - abseil/base/errno_saver
  - abseil/base/strerror (1.20220623.0):
    - abseil/base/config
    - abseil/base/core_headers
    - abseil/base/errno_saver
  - abseil/base/throw_delegate (1.20220623.0):
    - abseil/base/config
    - abseil/base/raw_logging_internal
  - abseil/cleanup/cleanup (1.20220623.0):
    - abseil/base/config
    - abseil/base/core_headers
    - abseil/cleanup/cleanup_internal
  - abseil/cleanup/cleanup_internal (1.20220623.0):
    - abseil/base/base_internal
    - abseil/base/core_headers
    - abseil/utility/utility
  - abseil/container/common (1.20220623.0):
    - abseil/meta/type_traits
    - abseil/types/optional
  - abseil/container/compressed_tuple (1.20220623.0):
    - abseil/utility/utility
  - abseil/container/container_memory (1.20220623.0):
    - abseil/base/config
    - abseil/memory/memory
    - abseil/meta/type_traits
    - abseil/utility/utility
  - abseil/container/fixed_array (1.20220623.0):
    - abseil/algorithm/algorithm
    - abseil/base/config
    - abseil/base/core_headers
    - abseil/base/dynamic_annotations
    - abseil/base/throw_delegate
    - abseil/container/compressed_tuple
    - abseil/memory/memory
  - abseil/container/flat_hash_map (1.20220623.0):
    - abseil/algorithm/container
    - abseil/base/core_headers
    - abseil/container/container_memory
    - abseil/container/hash_function_defaults
    - abseil/container/raw_hash_map
    - abseil/memory/memory
  - abseil/container/flat_hash_set (1.20220623.0):
    - abseil/algorithm/container
    - abseil/base/core_headers
    - abseil/container/container_memory
    - abseil/container/hash_function_defaults
    - abseil/container/raw_hash_set
    - abseil/memory/memory
  - abseil/container/hash_function_defaults (1.20220623.0):
    - abseil/base/config
    - abseil/hash/hash
    - abseil/strings/cord
    - abseil/strings/strings
  - abseil/container/hash_policy_traits (1.20220623.0):
    - abseil/meta/type_traits
  - abseil/container/hashtable_debug_hooks (1.20220623.0):
    - abseil/base/config
  - abseil/container/hashtablez_sampler (1.20220623.0):
    - abseil/base/base
    - abseil/base/config
    - abseil/base/core_headers
    - abseil/debugging/stacktrace
    - abseil/memory/memory
    - abseil/profiling/exponential_biased
    - abseil/profiling/sample_recorder
    - abseil/synchronization/synchronization
    - abseil/utility/utility
  - abseil/container/inlined_vector (1.20220623.0):
    - abseil/algorithm/algorithm
    - abseil/base/core_headers
    - abseil/base/throw_delegate
    - abseil/container/inlined_vector_internal
    - abseil/memory/memory
  - abseil/container/inlined_vector_internal (1.20220623.0):
    - abseil/base/core_headers
    - abseil/container/compressed_tuple
    - abseil/memory/memory
    - abseil/meta/type_traits
    - abseil/types/span
  - abseil/container/layout (1.20220623.0):
    - abseil/base/config
    - abseil/base/core_headers
    - abseil/meta/type_traits
    - abseil/strings/strings
    - abseil/types/span
    - abseil/utility/utility
  - abseil/container/raw_hash_map (1.20220623.0):
    - abseil/base/throw_delegate
    - abseil/container/container_memory
    - abseil/container/raw_hash_set
  - abseil/container/raw_hash_set (1.20220623.0):
    - abseil/base/config
    - abseil/base/core_headers
    - abseil/base/endian
    - abseil/base/prefetch
    - abseil/container/common
    - abseil/container/compressed_tuple
    - abseil/container/container_memory
    - abseil/container/hash_policy_traits
    - abseil/container/hashtable_debug_hooks
    - abseil/container/hashtablez_sampler
    - abseil/memory/memory
    - abseil/meta/type_traits
    - abseil/numeric/bits
    - abseil/utility/utility
  - abseil/debugging/debugging_internal (1.20220623.0):
    - abseil/base/config
    - abseil/base/core_headers
    - abseil/base/dynamic_annotations
    - abseil/base/errno_saver
    - abseil/base/raw_logging_internal
  - abseil/debugging/demangle_internal (1.20220623.0):
    - abseil/base/base
    - abseil/base/config
    - abseil/base/core_headers
  - abseil/debugging/stacktrace (1.20220623.0):
    - abseil/base/config
    - abseil/base/core_headers
    - abseil/debugging/debugging_internal
  - abseil/debugging/symbolize (1.20220623.0):
    - abseil/base/base
    - abseil/base/config
    - abseil/base/core_headers
    - abseil/base/dynamic_annotations
    - abseil/base/malloc_internal
    - abseil/base/raw_logging_internal
    - abseil/debugging/debugging_internal
    - abseil/debugging/demangle_internal
    - abseil/strings/strings
  - abseil/functional/any_invocable (1.20220623.0):
    - abseil/base/base_internal
    - abseil/base/config
    - abseil/base/core_headers
    - abseil/meta/type_traits
    - abseil/utility/utility
  - abseil/functional/bind_front (1.20220623.0):
    - abseil/base/base_internal
    - abseil/container/compressed_tuple
    - abseil/meta/type_traits
    - abseil/utility/utility
  - abseil/functional/function_ref (1.20220623.0):
    - abseil/base/base_internal
    - abseil/base/core_headers
    - abseil/meta/type_traits
  - abseil/hash/city (1.20220623.0):
    - abseil/base/config
    - abseil/base/core_headers
    - abseil/base/endian
  - abseil/hash/hash (1.20220623.0):
    - abseil/base/config
    - abseil/base/core_headers
    - abseil/base/endian
    - abseil/container/fixed_array
    - abseil/functional/function_ref
    - abseil/hash/city
    - abseil/hash/low_level_hash
    - abseil/meta/type_traits
    - abseil/numeric/int128
    - abseil/strings/strings
    - abseil/types/optional
    - abseil/types/variant
    - abseil/utility/utility
  - abseil/hash/low_level_hash (1.20220623.0):
    - abseil/base/config
    - abseil/base/endian
    - abseil/numeric/bits
    - abseil/numeric/int128
  - abseil/memory (1.20220623.0):
    - abseil/memory/memory (= 1.20220623.0)
  - abseil/memory/memory (1.20220623.0):
    - abseil/base/core_headers
    - abseil/meta/type_traits
  - abseil/meta (1.20220623.0):
    - abseil/meta/type_traits (= 1.20220623.0)
  - abseil/meta/type_traits (1.20220623.0):
    - abseil/base/config
  - abseil/numeric/bits (1.20220623.0):
    - abseil/base/config
    - abseil/base/core_headers
  - abseil/numeric/int128 (1.20220623.0):
    - abseil/base/config
    - abseil/base/core_headers
    - abseil/numeric/bits
  - abseil/numeric/representation (1.20220623.0):
    - abseil/base/config
  - abseil/profiling/exponential_biased (1.20220623.0):
    - abseil/base/config
    - abseil/base/core_headers
  - abseil/profiling/sample_recorder (1.20220623.0):
    - abseil/base/config
    - abseil/base/core_headers
    - abseil/synchronization/synchronization
    - abseil/time/time
  - abseil/random/distributions (1.20220623.0):
    - abseil/base/base_internal
    - abseil/base/config
    - abseil/base/core_headers
    - abseil/meta/type_traits
    - abseil/numeric/bits
    - abseil/random/internal/distribution_caller
    - abseil/random/internal/fast_uniform_bits
    - abseil/random/internal/fastmath
    - abseil/random/internal/generate_real
    - abseil/random/internal/iostream_state_saver
    - abseil/random/internal/traits
    - abseil/random/internal/uniform_helper
    - abseil/random/internal/wide_multiply
    - abseil/strings/strings
  - abseil/random/internal/distribution_caller (1.20220623.0):
    - abseil/base/config
    - abseil/base/fast_type_id
    - abseil/utility/utility
  - abseil/random/internal/fast_uniform_bits (1.20220623.0):
    - abseil/base/config
    - abseil/meta/type_traits
    - abseil/random/internal/traits
  - abseil/random/internal/fastmath (1.20220623.0):
    - abseil/numeric/bits
  - abseil/random/internal/generate_real (1.20220623.0):
    - abseil/meta/type_traits
    - abseil/numeric/bits
    - abseil/random/internal/fastmath
    - abseil/random/internal/traits
  - abseil/random/internal/iostream_state_saver (1.20220623.0):
    - abseil/meta/type_traits
    - abseil/numeric/int128
  - abseil/random/internal/nonsecure_base (1.20220623.0):
    - abseil/base/core_headers
    - abseil/container/inlined_vector
    - abseil/meta/type_traits
    - abseil/random/internal/pool_urbg
    - abseil/random/internal/salted_seed_seq
    - abseil/random/internal/seed_material
    - abseil/types/span
  - abseil/random/internal/pcg_engine (1.20220623.0):
    - abseil/base/config
    - abseil/meta/type_traits
    - abseil/numeric/bits
    - abseil/numeric/int128
    - abseil/random/internal/fastmath
    - abseil/random/internal/iostream_state_saver
  - abseil/random/internal/platform (1.20220623.0):
    - abseil/base/config
  - abseil/random/internal/pool_urbg (1.20220623.0):
    - abseil/base/base
    - abseil/base/config
    - abseil/base/core_headers
    - abseil/base/endian
    - abseil/base/raw_logging_internal
    - abseil/random/internal/randen
    - abseil/random/internal/seed_material
    - abseil/random/internal/traits
    - abseil/random/seed_gen_exception
    - abseil/types/span
  - abseil/random/internal/randen (1.20220623.0):
    - abseil/base/raw_logging_internal
    - abseil/random/internal/platform
    - abseil/random/internal/randen_hwaes
    - abseil/random/internal/randen_slow
  - abseil/random/internal/randen_engine (1.20220623.0):
    - abseil/base/endian
    - abseil/meta/type_traits
    - abseil/random/internal/iostream_state_saver
    - abseil/random/internal/randen
  - abseil/random/internal/randen_hwaes (1.20220623.0):
    - abseil/base/config
    - abseil/random/internal/platform
    - abseil/random/internal/randen_hwaes_impl
  - abseil/random/internal/randen_hwaes_impl (1.20220623.0):
    - abseil/base/config
    - abseil/base/core_headers
    - abseil/numeric/int128
    - abseil/random/internal/platform
  - abseil/random/internal/randen_slow (1.20220623.0):
    - abseil/base/config
    - abseil/base/core_headers
    - abseil/base/endian
    - abseil/numeric/int128
    - abseil/random/internal/platform
  - abseil/random/internal/salted_seed_seq (1.20220623.0):
    - abseil/container/inlined_vector
    - abseil/meta/type_traits
    - abseil/random/internal/seed_material
    - abseil/types/optional
    - abseil/types/span
  - abseil/random/internal/seed_material (1.20220623.0):
    - abseil/base/core_headers
    - abseil/base/dynamic_annotations
    - abseil/base/raw_logging_internal
    - abseil/random/internal/fast_uniform_bits
    - abseil/strings/strings
    - abseil/types/optional
    - abseil/types/span
  - abseil/random/internal/traits (1.20220623.0):
    - abseil/base/config
    - abseil/numeric/bits
    - abseil/numeric/int128
  - abseil/random/internal/uniform_helper (1.20220623.0):
    - abseil/base/config
    - abseil/meta/type_traits
    - abseil/numeric/int128
    - abseil/random/internal/traits
  - abseil/random/internal/wide_multiply (1.20220623.0):
    - abseil/base/config
    - abseil/numeric/bits
    - abseil/numeric/int128
    - abseil/random/internal/traits
  - abseil/random/random (1.20220623.0):
    - abseil/random/distributions
    - abseil/random/internal/nonsecure_base
    - abseil/random/internal/pcg_engine
    - abseil/random/internal/pool_urbg
    - abseil/random/internal/randen_engine
    - abseil/random/seed_sequences
  - abseil/random/seed_gen_exception (1.20220623.0):
    - abseil/base/config
  - abseil/random/seed_sequences (1.20220623.0):
    - abseil/base/config
    - abseil/random/internal/pool_urbg
    - abseil/random/internal/salted_seed_seq
    - abseil/random/internal/seed_material
    - abseil/random/seed_gen_exception
    - abseil/types/span
  - abseil/status/status (1.20220623.0):
    - abseil/base/atomic_hook
    - abseil/base/core_headers
    - abseil/base/raw_logging_internal
    - abseil/base/strerror
    - abseil/container/inlined_vector
    - abseil/debugging/stacktrace
    - abseil/debugging/symbolize
    - abseil/functional/function_ref
    - abseil/strings/cord
    - abseil/strings/str_format
    - abseil/strings/strings
    - abseil/types/optional
  - abseil/status/statusor (1.20220623.0):
    - abseil/base/base
    - abseil/base/core_headers
    - abseil/base/raw_logging_internal
    - abseil/meta/type_traits
    - abseil/status/status
    - abseil/strings/strings
    - abseil/types/variant
    - abseil/utility/utility
  - abseil/strings/cord (1.20220623.0):
    - abseil/base/base
    - abseil/base/config
    - abseil/base/core_headers
    - abseil/base/endian
    - abseil/base/raw_logging_internal
    - abseil/container/fixed_array
    - abseil/container/inlined_vector
    - abseil/functional/function_ref
    - abseil/meta/type_traits
    - abseil/numeric/bits
    - abseil/strings/cord_internal
    - abseil/strings/cordz_functions
    - abseil/strings/cordz_info
    - abseil/strings/cordz_statistics
    - abseil/strings/cordz_update_scope
    - abseil/strings/cordz_update_tracker
    - abseil/strings/internal
    - abseil/strings/str_format
    - abseil/strings/strings
    - abseil/types/optional
    - abseil/types/span
  - abseil/strings/cord_internal (1.20220623.0):
    - abseil/base/base_internal
    - abseil/base/config
    - abseil/base/core_headers
    - abseil/base/endian
    - abseil/base/raw_logging_internal
    - abseil/base/throw_delegate
    - abseil/container/compressed_tuple
    - abseil/container/inlined_vector
    - abseil/container/layout
    - abseil/functional/function_ref
    - abseil/meta/type_traits
    - abseil/strings/strings
    - abseil/types/span
  - abseil/strings/cordz_functions (1.20220623.0):
    - abseil/base/config
    - abseil/base/core_headers
    - abseil/base/raw_logging_internal
    - abseil/profiling/exponential_biased
  - abseil/strings/cordz_handle (1.20220623.0):
    - abseil/base/base
    - abseil/base/config
    - abseil/base/raw_logging_internal
    - abseil/synchronization/synchronization
  - abseil/strings/cordz_info (1.20220623.0):
    - abseil/base/base
    - abseil/base/config
    - abseil/base/core_headers
    - abseil/base/raw_logging_internal
    - abseil/container/inlined_vector
    - abseil/debugging/stacktrace
    - abseil/strings/cord_internal
    - abseil/strings/cordz_functions
    - abseil/strings/cordz_handle
    - abseil/strings/cordz_statistics
    - abseil/strings/cordz_update_tracker
    - abseil/synchronization/synchronization
    - abseil/types/span
  - abseil/strings/cordz_statistics (1.20220623.0):
    - abseil/base/config
    - abseil/strings/cordz_update_tracker
  - abseil/strings/cordz_update_scope (1.20220623.0):
    - abseil/base/config
    - abseil/base/core_headers
    - abseil/strings/cord_internal
    - abseil/strings/cordz_info
    - abseil/strings/cordz_update_tracker
  - abseil/strings/cordz_update_tracker (1.20220623.0):
    - abseil/base/config
  - abseil/strings/internal (1.20220623.0):
    - abseil/base/config
    - abseil/base/core_headers
    - abseil/base/endian
    - abseil/base/raw_logging_internal
    - abseil/meta/type_traits
  - abseil/strings/str_format (1.20220623.0):
    - abseil/strings/str_format_internal
  - abseil/strings/str_format_internal (1.20220623.0):
    - abseil/base/config
    - abseil/base/core_headers
    - abseil/functional/function_ref
    - abseil/meta/type_traits
    - abseil/numeric/bits
    - abseil/numeric/int128
    - abseil/numeric/representation
    - abseil/strings/strings
    - abseil/types/optional
    - abseil/types/span
    - abseil/utility/utility
  - abseil/strings/strings (1.20220623.0):
    - abseil/base/base
    - abseil/base/config
    - abseil/base/core_headers
    - abseil/base/endian
    - abseil/base/raw_logging_internal
    - abseil/base/throw_delegate
    - abseil/memory/memory
    - abseil/meta/type_traits
    - abseil/numeric/bits
    - abseil/numeric/int128
    - abseil/strings/internal
  - abseil/synchronization/graphcycles_internal (1.20220623.0):
    - abseil/base/base
    - abseil/base/base_internal
    - abseil/base/config
    - abseil/base/core_headers
    - abseil/base/malloc_internal
    - abseil/base/raw_logging_internal
  - abseil/synchronization/kernel_timeout_internal (1.20220623.0):
    - abseil/base/core_headers
    - abseil/base/raw_logging_internal
    - abseil/time/time
  - abseil/synchronization/synchronization (1.20220623.0):
    - abseil/base/atomic_hook
    - abseil/base/base
    - abseil/base/base_internal
    - abseil/base/config
    - abseil/base/core_headers
    - abseil/base/dynamic_annotations
    - abseil/base/malloc_internal
    - abseil/base/raw_logging_internal
    - abseil/debugging/stacktrace
    - abseil/debugging/symbolize
    - abseil/synchronization/graphcycles_internal
    - abseil/synchronization/kernel_timeout_internal
    - abseil/time/time
  - abseil/time (1.20220623.0):
    - abseil/time/internal (= 1.20220623.0)
    - abseil/time/time (= 1.20220623.0)
  - abseil/time/internal (1.20220623.0):
    - abseil/time/internal/cctz (= 1.20220623.0)
  - abseil/time/internal/cctz (1.20220623.0):
    - abseil/time/internal/cctz/civil_time (= 1.20220623.0)
    - abseil/time/internal/cctz/time_zone (= 1.20220623.0)
  - abseil/time/internal/cctz/civil_time (1.20220623.0):
    - abseil/base/config
  - abseil/time/internal/cctz/time_zone (1.20220623.0):
    - abseil/base/config
    - abseil/time/internal/cctz/civil_time
  - abseil/time/time (1.20220623.0):
    - abseil/base/base
    - abseil/base/core_headers
    - abseil/base/raw_logging_internal
    - abseil/numeric/int128
    - abseil/strings/strings
    - abseil/time/internal/cctz/civil_time
    - abseil/time/internal/cctz/time_zone
  - abseil/types (1.20220623.0):
    - abseil/types/any (= 1.20220623.0)
    - abseil/types/bad_any_cast (= 1.20220623.0)
    - abseil/types/bad_any_cast_impl (= 1.20220623.0)
    - abseil/types/bad_optional_access (= 1.20220623.0)
    - abseil/types/bad_variant_access (= 1.20220623.0)
    - abseil/types/compare (= 1.20220623.0)
    - abseil/types/optional (= 1.20220623.0)
    - abseil/types/span (= 1.20220623.0)
    - abseil/types/variant (= 1.20220623.0)
  - abseil/types/any (1.20220623.0):
    - abseil/base/config
    - abseil/base/core_headers
    - abseil/base/fast_type_id
    - abseil/meta/type_traits
    - abseil/types/bad_any_cast
    - abseil/utility/utility
  - abseil/types/bad_any_cast (1.20220623.0):
    - abseil/base/config
    - abseil/types/bad_any_cast_impl
  - abseil/types/bad_any_cast_impl (1.20220623.0):
    - abseil/base/config
    - abseil/base/raw_logging_internal
  - abseil/types/bad_optional_access (1.20220623.0):
    - abseil/base/config
    - abseil/base/raw_logging_internal
  - abseil/types/bad_variant_access (1.20220623.0):
    - abseil/base/config
    - abseil/base/raw_logging_internal
  - abseil/types/compare (1.20220623.0):
    - abseil/base/core_headers
    - abseil/meta/type_traits
  - abseil/types/optional (1.20220623.0):
    - abseil/base/base_internal
    - abseil/base/config
    - abseil/base/core_headers
    - abseil/memory/memory
    - abseil/meta/type_traits
    - abseil/types/bad_optional_access
    - abseil/utility/utility
  - abseil/types/span (1.20220623.0):
    - abseil/algorithm/algorithm
    - abseil/base/core_headers
    - abseil/base/throw_delegate
    - abseil/meta/type_traits
  - abseil/types/variant (1.20220623.0):
    - abseil/base/base_internal
    - abseil/base/config
    - abseil/base/core_headers
    - abseil/meta/type_traits
    - abseil/types/bad_variant_access
    - abseil/utility/utility
  - abseil/utility/utility (1.20220623.0):
    - abseil/base/base_internal
    - abseil/base/config
    - abseil/meta/type_traits
  - AppAuth (1.6.2):
    - AppAuth/Core (= 1.6.2)
    - AppAuth/ExternalUserAgent (= 1.6.2)
  - AppAuth/Core (1.6.2)
  - AppAuth/ExternalUserAgent (1.6.2):
    - AppAuth/Core
  - audio_service (0.0.1):
    - Flutter
  - audio_session (0.0.1):
    - Flutter
  - audioplayers_darwin (0.0.1):
    - Flutter
  - BoringSSL-GRPC (0.0.24):
    - BoringSSL-GRPC/Implementation (= 0.0.24)
    - BoringSSL-GRPC/Interface (= 0.0.24)
  - BoringSSL-GRPC/Implementation (0.0.24):
    - BoringSSL-GRPC/Interface (= 0.0.24)
  - BoringSSL-GRPC/Interface (0.0.24)
  - camera_avfoundation (0.0.1):
    - Flutter
  - cloud_firestore (4.12.2):
    - Firebase/Firestore (= 10.16.0)
    - firebase_core
    - Flutter
    - nanopb (< 2.30910.0, >= 2.30908.0)
  - ffmpeg-kit-ios-min (6.0)
  - ffmpeg_kit_flutter_min (6.0.3):
    - ffmpeg_kit_flutter_min/min (= 6.0.3)
    - Flutter
  - ffmpeg_kit_flutter_min/min (6.0.3):
    - ffmpeg-kit-ios-min (= 6.0)
    - Flutter
  - Firebase/Auth (10.16.0):
    - Firebase/CoreOnly
    - FirebaseAuth (~> 10.16.0)
  - Firebase/CoreOnly (10.16.0):
    - FirebaseCore (= 10.16.0)
  - Firebase/Firestore (10.16.0):
    - Firebase/CoreOnly
    - FirebaseFirestore (~> 10.16.0)
  - Firebase/Messaging (10.16.0):
    - Firebase/CoreOnly
    - FirebaseMessaging (~> 10.16.0)
  - firebase_auth (4.12.1):
    - Firebase/Auth (= 10.16.0)
    - firebase_core
    - Flutter
  - firebase_core (2.21.0):
    - Firebase/CoreOnly (= 10.16.0)
    - Flutter
  - firebase_messaging (14.7.3):
    - Firebase/Messaging (= 10.16.0)
    - firebase_core
    - Flutter
  - FirebaseAppCheckInterop (10.19.0)
  - FirebaseAuth (10.16.0):
    - FirebaseAppCheckInterop (~> 10.0)
    - FirebaseCore (~> 10.0)
    - GoogleUtilities/AppDelegateSwizzler (~> 7.8)
    - GoogleUtilities/Environment (~> 7.8)
    - GTMSessionFetcher/Core (< 4.0, >= 2.1)
    - RecaptchaInterop (~> 100.0)
  - FirebaseCore (10.16.0):
    - FirebaseCoreInternal (~> 10.0)
    - GoogleUtilities/Environment (~> 7.8)
    - GoogleUtilities/Logger (~> 7.8)
  - FirebaseCoreInternal (10.19.0):
    - "GoogleUtilities/NSData+zlib (~> 7.8)"
  - FirebaseFirestore (10.16.0):
    - abseil/algorithm (~> 1.20220623.0)
    - abseil/base (~> 1.20220623.0)
    - abseil/container/flat_hash_map (~> 1.20220623.0)
    - abseil/memory (~> 1.20220623.0)
    - abseil/meta (~> 1.20220623.0)
    - abseil/strings/strings (~> 1.20220623.0)
    - abseil/time (~> 1.20220623.0)
    - abseil/types (~> 1.20220623.0)
    - FirebaseCore (~> 10.0)
    - "gRPC-C++ (~> 1.49.1)"
    - leveldb-library (~> 1.22)
    - nanopb (< 2.30910.0, >= 2.30908.0)
  - FirebaseInstallations (10.19.0):
    - FirebaseCore (~> 10.0)
    - GoogleUtilities/Environment (~> 7.8)
    - GoogleUtilities/UserDefaults (~> 7.8)
    - PromisesObjC (~> 2.1)
  - FirebaseMessaging (10.16.0):
    - FirebaseCore (~> 10.0)
    - FirebaseInstallations (~> 10.0)
    - GoogleDataTransport (~> 9.2)
    - GoogleUtilities/AppDelegateSwizzler (~> 7.8)
    - GoogleUtilities/Environment (~> 7.8)
    - GoogleUtilities/Reachability (~> 7.8)
    - GoogleUtilities/UserDefaults (~> 7.8)
    - nanopb (< 2.30910.0, >= 2.30908.0)
  - Flutter (1.0.0)
  - flutter_inappwebview (0.0.1):
    - Flutter
    - flutter_inappwebview/Core (= 0.0.1)
    - OrderedSet (~> 5.0)
  - flutter_inappwebview/Core (0.0.1):
    - Flutter
    - OrderedSet (~> 5.0)
  - flutter_share (0.0.1):
    - Flutter
  - fluttertoast (0.0.2):
    - Flutter
    - Toast
  - FMDB (2.7.5):
    - FMDB/standard (= 2.7.5)
  - FMDB/standard (2.7.5)
  - gallery_saver (0.0.1):
    - Flutter
  - Google-Mobile-Ads-SDK (10.11.0):
    - GoogleAppMeasurement (< 11.0, >= 7.0)
    - GoogleUserMessagingPlatform (>= 1.1)
  - google_mobile_ads (1.0.0):
    - Flutter
    - Google-Mobile-Ads-SDK (~> 10.11.0)
    - webview_flutter_wkwebview
  - google_sign_in_ios (0.0.1):
    - Flutter
    - GoogleSignIn (~> 6.2)
  - GoogleAppMeasurement (10.19.0):
    - GoogleAppMeasurement/AdIdSupport (= 10.19.0)
    - GoogleUtilities/AppDelegateSwizzler (~> 7.11)
    - GoogleUtilities/MethodSwizzler (~> 7.11)
    - GoogleUtilities/Network (~> 7.11)
    - "GoogleUtilities/NSData+zlib (~> 7.11)"
    - nanopb (< 2.30910.0, >= 2.30908.0)
  - GoogleAppMeasurement/AdIdSupport (10.19.0):
    - GoogleAppMeasurement/WithoutAdIdSupport (= 10.19.0)
    - GoogleUtilities/AppDelegateSwizzler (~> 7.11)
    - GoogleUtilities/MethodSwizzler (~> 7.11)
    - GoogleUtilities/Network (~> 7.11)
    - "GoogleUtilities/NSData+zlib (~> 7.11)"
    - nanopb (< 2.30910.0, >= 2.30908.0)
  - GoogleAppMeasurement/WithoutAdIdSupport (10.19.0):
    - GoogleUtilities/AppDelegateSwizzler (~> 7.11)
    - GoogleUtilities/MethodSwizzler (~> 7.11)
    - GoogleUtilities/Network (~> 7.11)
    - "GoogleUtilities/NSData+zlib (~> 7.11)"
    - nanopb (< 2.30910.0, >= 2.30908.0)
  - GoogleDataTransport (9.3.0):
    - GoogleUtilities/Environment (~> 7.7)
    - nanopb (< 2.30910.0, >= 2.30908.0)
    - PromisesObjC (< 3.0, >= 1.2)
  - GoogleSignIn (6.2.4):
    - AppAuth (~> 1.5)
    - GTMAppAuth (~> 1.3)
    - GTMSessionFetcher/Core (< 3.0, >= 1.1)
  - GoogleUserMessagingPlatform (2.1.0)
  - GoogleUtilities/AppDelegateSwizzler (7.12.0):
    - GoogleUtilities/Environment
    - GoogleUtilities/Logger
    - GoogleUtilities/Network
  - GoogleUtilities/Environment (7.12.0):
    - PromisesObjC (< 3.0, >= 1.2)
  - GoogleUtilities/Logger (7.12.0):
    - GoogleUtilities/Environment
  - GoogleUtilities/MethodSwizzler (7.12.0):
    - GoogleUtilities/Logger
  - GoogleUtilities/Network (7.12.0):
    - GoogleUtilities/Logger
    - "GoogleUtilities/NSData+zlib"
    - GoogleUtilities/Reachability
  - "GoogleUtilities/NSData+zlib (7.12.0)"
  - GoogleUtilities/Reachability (7.12.0):
    - GoogleUtilities/Logger
  - GoogleUtilities/UserDefaults (7.12.0):
    - GoogleUtilities/Logger
  - "gRPC-C++ (1.49.1)":
    - "gRPC-C++/Implementation (= 1.49.1)"
    - "gRPC-C++/Interface (= 1.49.1)"
  - "gRPC-C++/Implementation (1.49.1)":
    - abseil/base/base (= 1.20220623.0)
    - abseil/base/core_headers (= 1.20220623.0)
    - abseil/cleanup/cleanup (= 1.20220623.0)
    - abseil/container/flat_hash_map (= 1.20220623.0)
    - abseil/container/flat_hash_set (= 1.20220623.0)
    - abseil/container/inlined_vector (= 1.20220623.0)
    - abseil/functional/any_invocable (= 1.20220623.0)
    - abseil/functional/bind_front (= 1.20220623.0)
    - abseil/functional/function_ref (= 1.20220623.0)
    - abseil/hash/hash (= 1.20220623.0)
    - abseil/memory/memory (= 1.20220623.0)
    - abseil/meta/type_traits (= 1.20220623.0)
    - abseil/random/random (= 1.20220623.0)
    - abseil/status/status (= 1.20220623.0)
    - abseil/status/statusor (= 1.20220623.0)
    - abseil/strings/cord (= 1.20220623.0)
    - abseil/strings/str_format (= 1.20220623.0)
    - abseil/strings/strings (= 1.20220623.0)
    - abseil/synchronization/synchronization (= 1.20220623.0)
    - abseil/time/time (= 1.20220623.0)
    - abseil/types/optional (= 1.20220623.0)
    - abseil/types/span (= 1.20220623.0)
    - abseil/types/variant (= 1.20220623.0)
    - abseil/utility/utility (= 1.20220623.0)
    - "gRPC-C++/Interface (= 1.49.1)"
    - gRPC-Core (= 1.49.1)
  - "gRPC-C++/Interface (1.49.1)"
  - gRPC-Core (1.49.1):
    - gRPC-Core/Implementation (= 1.49.1)
    - gRPC-Core/Interface (= 1.49.1)
  - gRPC-Core/Implementation (1.49.1):
    - abseil/base/base (= 1.20220623.0)
    - abseil/base/core_headers (= 1.20220623.0)
    - abseil/container/flat_hash_map (= 1.20220623.0)
    - abseil/container/flat_hash_set (= 1.20220623.0)
    - abseil/container/inlined_vector (= 1.20220623.0)
    - abseil/functional/any_invocable (= 1.20220623.0)
    - abseil/functional/bind_front (= 1.20220623.0)
    - abseil/functional/function_ref (= 1.20220623.0)
    - abseil/hash/hash (= 1.20220623.0)
    - abseil/memory/memory (= 1.20220623.0)
    - abseil/meta/type_traits (= 1.20220623.0)
    - abseil/random/random (= 1.20220623.0)
    - abseil/status/status (= 1.20220623.0)
    - abseil/status/statusor (= 1.20220623.0)
    - abseil/strings/cord (= 1.20220623.0)
    - abseil/strings/str_format (= 1.20220623.0)
    - abseil/strings/strings (= 1.20220623.0)
    - abseil/synchronization/synchronization (= 1.20220623.0)
    - abseil/time/time (= 1.20220623.0)
    - abseil/types/optional (= 1.20220623.0)
    - abseil/types/span (= 1.20220623.0)
    - abseil/types/variant (= 1.20220623.0)
    - abseil/utility/utility (= 1.20220623.0)
    - BoringSSL-GRPC (= 0.0.24)
    - gRPC-Core/Interface (= 1.49.1)
  - gRPC-Core/Interface (1.49.1)
  - GTMAppAuth (1.3.1):
    - AppAuth/Core (~> 1.6)
    - GTMSessionFetcher/Core (< 3.0, >= 1.5)
  - GTMSessionFetcher/Core (2.3.0)
  - image_picker_ios (0.0.1):
    - Flutter
  - in_app_purchase_storekit (0.0.1):
    - Flutter
    - FlutterMacOS
  - just_audio (0.0.1):
    - Flutter
  - leveldb-library (1.22.2)
  - libwebp (1.3.2):
    - libwebp/demux (= 1.3.2)
    - libwebp/mux (= 1.3.2)
    - libwebp/sharpyuv (= 1.3.2)
    - libwebp/webp (= 1.3.2)
  - libwebp/demux (1.3.2):
    - libwebp/webp
  - libwebp/mux (1.3.2):
    - libwebp/demux
  - libwebp/sharpyuv (1.3.2)
  - libwebp/webp (1.3.2):
    - libwebp/sharpyuv
  - nanopb (2.30909.1):
    - nanopb/decode (= 2.30909.1)
    - nanopb/encode (= 2.30909.1)
  - nanopb/decode (2.30909.1)
  - nanopb/encode (2.30909.1)
  - onesignal_flutter (5.0.4):
    - Flutter
    - OneSignalXCFramework (= 5.0.4)
  - OneSignalXCFramework (5.0.4):
    - OneSignalXCFramework/OneSignalComplete (= 5.0.4)
  - OneSignalXCFramework/OneSignal (5.0.4):
    - OneSignalXCFramework/OneSignalCore
    - OneSignalXCFramework/OneSignalExtension
    - OneSignalXCFramework/OneSignalNotifications
    - OneSignalXCFramework/OneSignalOSCore
    - OneSignalXCFramework/OneSignalOutcomes
    - OneSignalXCFramework/OneSignalUser
  - OneSignalXCFramework/OneSignalComplete (5.0.4):
    - OneSignalXCFramework/OneSignal
    - OneSignalXCFramework/OneSignalInAppMessages
    - OneSignalXCFramework/OneSignalLocation
  - OneSignalXCFramework/OneSignalCore (5.0.4)
  - OneSignalXCFramework/OneSignalExtension (5.0.4):
    - OneSignalXCFramework/OneSignalCore
    - OneSignalXCFramework/OneSignalOutcomes
  - OneSignalXCFramework/OneSignalInAppMessages (5.0.4):
    - OneSignalXCFramework/OneSignalCore
    - OneSignalXCFramework/OneSignalNotifications
    - OneSignalXCFramework/OneSignalOSCore
    - OneSignalXCFramework/OneSignalOutcomes
    - OneSignalXCFramework/OneSignalUser
  - OneSignalXCFramework/OneSignalLocation (5.0.4):
    - OneSignalXCFramework/OneSignalCore
    - OneSignalXCFramework/OneSignalNotifications
    - OneSignalXCFramework/OneSignalOSCore
    - OneSignalXCFramework/OneSignalUser
  - OneSignalXCFramework/OneSignalNotifications (5.0.4):
    - OneSignalXCFramework/OneSignalCore
    - OneSignalXCFramework/OneSignalExtension
    - OneSignalXCFramework/OneSignalOutcomes
  - OneSignalXCFramework/OneSignalOSCore (5.0.4):
    - OneSignalXCFramework/OneSignalCore
  - OneSignalXCFramework/OneSignalOutcomes (5.0.4):
    - OneSignalXCFramework/OneSignalCore
  - OneSignalXCFramework/OneSignalUser (5.0.4):
    - OneSignalXCFramework/OneSignalCore
    - OneSignalXCFramework/OneSignalNotifications
    - OneSignalXCFramework/OneSignalOSCore
    - OneSignalXCFramework/OneSignalOutcomes
  - OrderedSet (5.0.0)
  - package_info_plus (0.4.5):
    - Flutter
  - path_provider_foundation (0.0.1):
    - Flutter
    - FlutterMacOS
  - paytm_allinonesdk (1.2.2):
    - Flutter
  - payu_checkoutpro_flutter (1.0.1):
    - Flutter
    - PayUIndia-CheckoutPro (~> 6.0)
  - PayUIndia-Analytics (3.0.0):
    - PayUIndia-NetworkReachability (~> 1.0)
  - PayUIndia-AssetLibrary (3.3.2)
  - PayUIndia-CardScanner (1.0.0)
  - PayUIndia-CheckoutPro (6.0.1):
    - PayUIndia-Analytics (= 3.0)
    - PayUIndia-AssetLibrary (~> 3.3)
    - PayUIndia-CardScanner (~> 1.0)
    - PayUIndia-CheckoutProBase (~> 6.0)
    - PayUIndia-CommonUI (~> 1.0)
    - PayUIndia-CrashReporter (~> 2.1)
    - PayUIndia-Custom-Browser (~> 10.0)
    - PayUIndia-NativeOtpAssist (~> 2.2)
    - PayUIndia-NetworkReachability (~> 1.0)
    - PayUIndia-PayUParams (~> 4.9)
    - PayUIndia-PG-SDK (~> 9.3)
    - PayUIndia-UPICore (~> 7.1)
  - PayUIndia-CheckoutProBase (6.0.1):
    - PayUIndia-PayUParams (~> 4.9)
  - PayUIndia-CommonUI (1.2.0):
    - PayUIndia-Analytics (= 3.0)
  - PayUIndia-CrashReporter (2.1.0)
  - PayUIndia-Custom-Browser (10.1.0):
    - PayUIndia-Analytics (= 3.0)
    - PayUIndia-CommonUI (~> 1.1)
  - PayUIndia-Logger (4.0.0)
  - PayUIndia-NativeOtpAssist (2.2.1):
    - PayUIndia-Analytics (~> 3.0)
    - PayUIndia-CommonUI (~> 1.0)
    - PayUIndia-CrashReporter (~> 2.1)
    - PayUIndia-NetworkReachability (~> 1.0)
    - PayUIndia-PayUParams (~> 4.9)
  - PayUIndia-Networking (4.1.0):
    - PayUIndia-Logger (= 4.0.0)
  - PayUIndia-NetworkReachability (1.0.1)
  - PayUIndia-PayUParams (4.9.0)
  - PayUIndia-PG-SDK (9.3.0):
    - PayUIndia-CrashReporter (~> 2.1)
    - PayUIndia-NetworkReachability (~> 1.0)
    - PayUIndia-PayUParams (~> 4.9)
  - PayUIndia-UPICore (7.1.1):
    - PayUIndia-Networking (~> 4.0)
    - PayUIndia-PayUParams (~> 4.5)
  - PromisesObjC (2.3.1)
  - razorpay-pod (1.3.4)
  - razorpay_web (1.1.10):
    - Flutter
    - razorpay-pod
  - RecaptchaInterop (100.0.0)
  - shared_preferences_foundation (0.0.1):
    - Flutter
    - FlutterMacOS
  - sign_in_with_apple (0.0.1):
    - Flutter
  - smart_auth (0.0.1):
    - Flutter
  - sqflite (0.0.3):
    - Flutter
    - FMDB (>= 2.7.5)
  - Stripe (23.18.3):
    - StripeApplePay (= 23.18.3)
    - StripeCore (= 23.18.3)
    - StripePayments (= 23.18.3)
    - StripePaymentsUI (= 23.18.3)
    - StripeUICore (= 23.18.3)
  - stripe_ios (0.0.1):
    - Flutter
    - Stripe (~> 23.18.0)
    - StripeApplePay (~> 23.18.0)
    - StripeFinancialConnections (~> 23.18.0)
    - StripePayments (~> 23.18.0)
    - StripePaymentSheet (~> 23.18.0)
    - StripePaymentsUI (~> 23.18.0)
  - StripeApplePay (23.18.3):
    - StripeCore (= 23.18.3)
  - StripeCore (23.18.3)
  - StripeFinancialConnections (23.18.3):
    - StripeCore (= 23.18.3)
    - StripeUICore (= 23.18.3)
  - StripePayments (23.18.3):
    - StripeCore (= 23.18.3)
    - StripePayments/Stripe3DS2 (= 23.18.3)
  - StripePayments/Stripe3DS2 (23.18.3):
    - StripeCore (= 23.18.3)
  - StripePaymentSheet (23.18.3):
    - StripeApplePay (= 23.18.3)
    - StripeCore (= 23.18.3)
    - StripePayments (= 23.18.3)
    - StripePaymentsUI (= 23.18.3)
  - StripePaymentsUI (23.18.3):
    - StripeCore (= 23.18.3)
    - StripePayments (= 23.18.3)
    - StripeUICore (= 23.18.3)
  - StripeUICore (23.18.3):
    - StripeCore (= 23.18.3)
  - Toast (4.1.0)
  - url_launcher_ios (0.0.1):
    - Flutter
  - video_player_avfoundation (0.0.1):
    - Flutter
  - video_thumbnail (0.0.1):
    - Flutter
    - libwebp
  - wakelock (0.0.1):
    - Flutter
  - webview_flutter_wkwebview (0.0.1):
    - Flutter

DEPENDENCIES:
  - audio_service (from `.symlinks/plugins/audio_service/ios`)
  - audio_session (from `.symlinks/plugins/audio_session/ios`)
  - audioplayers_darwin (from `.symlinks/plugins/audioplayers_darwin/ios`)
  - camera_avfoundation (from `.symlinks/plugins/camera_avfoundation/ios`)
  - cloud_firestore (from `.symlinks/plugins/cloud_firestore/ios`)
  - ffmpeg_kit_flutter_min (from `.symlinks/plugins/ffmpeg_kit_flutter_min/ios`)
  - firebase_auth (from `.symlinks/plugins/firebase_auth/ios`)
  - firebase_core (from `.symlinks/plugins/firebase_core/ios`)
  - firebase_messaging (from `.symlinks/plugins/firebase_messaging/ios`)
  - Flutter (from `Flutter`)
  - flutter_inappwebview (from `.symlinks/plugins/flutter_inappwebview/ios`)
  - flutter_share (from `.symlinks/plugins/flutter_share/ios`)
  - fluttertoast (from `.symlinks/plugins/fluttertoast/ios`)
  - gallery_saver (from `.symlinks/plugins/gallery_saver/ios`)
  - google_mobile_ads (from `.symlinks/plugins/google_mobile_ads/ios`)
  - google_sign_in_ios (from `.symlinks/plugins/google_sign_in_ios/ios`)
  - image_picker_ios (from `.symlinks/plugins/image_picker_ios/ios`)
  - in_app_purchase_storekit (from `.symlinks/plugins/in_app_purchase_storekit/darwin`)
  - just_audio (from `.symlinks/plugins/just_audio/ios`)
  - onesignal_flutter (from `.symlinks/plugins/onesignal_flutter/ios`)
  - OneSignalXCFramework (< 6.0, >= 5.0.0)
  - package_info_plus (from `.symlinks/plugins/package_info_plus/ios`)
  - path_provider_foundation (from `.symlinks/plugins/path_provider_foundation/darwin`)
  - paytm_allinonesdk (from `.symlinks/plugins/paytm_allinonesdk/ios`)
  - payu_checkoutpro_flutter (from `.symlinks/plugins/payu_checkoutpro_flutter/ios`)
  - razorpay_web (from `.symlinks/plugins/razorpay_web/ios`)
  - shared_preferences_foundation (from `.symlinks/plugins/shared_preferences_foundation/darwin`)
  - sign_in_with_apple (from `.symlinks/plugins/sign_in_with_apple/ios`)
  - smart_auth (from `.symlinks/plugins/smart_auth/ios`)
  - sqflite (from `.symlinks/plugins/sqflite/ios`)
  - stripe_ios (from `.symlinks/plugins/stripe_ios/ios`)
  - url_launcher_ios (from `.symlinks/plugins/url_launcher_ios/ios`)
  - video_player_avfoundation (from `.symlinks/plugins/video_player_avfoundation/ios`)
  - video_thumbnail (from `.symlinks/plugins/video_thumbnail/ios`)
  - wakelock (from `.symlinks/plugins/wakelock/ios`)
  - webview_flutter_wkwebview (from `.symlinks/plugins/webview_flutter_wkwebview/ios`)

SPEC REPOS:
  trunk:
    - abseil
    - AppAuth
    - BoringSSL-GRPC
    - ffmpeg-kit-ios-min
    - Firebase
    - FirebaseAppCheckInterop
    - FirebaseAuth
    - FirebaseCore
    - FirebaseCoreInternal
    - FirebaseFirestore
    - FirebaseInstallations
    - FirebaseMessaging
    - FMDB
    - Google-Mobile-Ads-SDK
    - GoogleAppMeasurement
    - GoogleDataTransport
    - GoogleSignIn
    - GoogleUserMessagingPlatform
    - GoogleUtilities
    - "gRPC-C++"
    - gRPC-Core
    - GTMAppAuth
    - GTMSessionFetcher
    - leveldb-library
    - libwebp
    - nanopb
    - OneSignalXCFramework
    - OrderedSet
    - PayUIndia-Analytics
    - PayUIndia-AssetLibrary
    - PayUIndia-CardScanner
    - PayUIndia-CheckoutPro
    - PayUIndia-CheckoutProBase
    - PayUIndia-CommonUI
    - PayUIndia-CrashReporter
    - PayUIndia-Custom-Browser
    - PayUIndia-Logger
    - PayUIndia-NativeOtpAssist
    - PayUIndia-Networking
    - PayUIndia-NetworkReachability
    - PayUIndia-PayUParams
    - PayUIndia-PG-SDK
    - PayUIndia-UPICore
    - PromisesObjC
    - razorpay-pod
    - RecaptchaInterop
    - Stripe
    - StripeApplePay
    - StripeCore
    - StripeFinancialConnections
    - StripePayments
    - StripePaymentSheet
    - StripePaymentsUI
    - StripeUICore
    - Toast

EXTERNAL SOURCES:
  audio_service:
    :path: ".symlinks/plugins/audio_service/ios"
  audio_session:
    :path: ".symlinks/plugins/audio_session/ios"
  audioplayers_darwin:
    :path: ".symlinks/plugins/audioplayers_darwin/ios"
  camera_avfoundation:
    :path: ".symlinks/plugins/camera_avfoundation/ios"
  cloud_firestore:
    :path: ".symlinks/plugins/cloud_firestore/ios"
  ffmpeg_kit_flutter_min:
    :path: ".symlinks/plugins/ffmpeg_kit_flutter_min/ios"
  firebase_auth:
    :path: ".symlinks/plugins/firebase_auth/ios"
  firebase_core:
    :path: ".symlinks/plugins/firebase_core/ios"
  firebase_messaging:
    :path: ".symlinks/plugins/firebase_messaging/ios"
  Flutter:
    :path: Flutter
  flutter_inappwebview:
    :path: ".symlinks/plugins/flutter_inappwebview/ios"
  flutter_share:
    :path: ".symlinks/plugins/flutter_share/ios"
  fluttertoast:
    :path: ".symlinks/plugins/fluttertoast/ios"
  gallery_saver:
    :path: ".symlinks/plugins/gallery_saver/ios"
  google_mobile_ads:
    :path: ".symlinks/plugins/google_mobile_ads/ios"
  google_sign_in_ios:
    :path: ".symlinks/plugins/google_sign_in_ios/ios"
  image_picker_ios:
    :path: ".symlinks/plugins/image_picker_ios/ios"
  in_app_purchase_storekit:
    :path: ".symlinks/plugins/in_app_purchase_storekit/darwin"
  just_audio:
    :path: ".symlinks/plugins/just_audio/ios"
  onesignal_flutter:
    :path: ".symlinks/plugins/onesignal_flutter/ios"
  package_info_plus:
    :path: ".symlinks/plugins/package_info_plus/ios"
  path_provider_foundation:
    :path: ".symlinks/plugins/path_provider_foundation/darwin"
  paytm_allinonesdk:
    :path: ".symlinks/plugins/paytm_allinonesdk/ios"
  payu_checkoutpro_flutter:
    :path: ".symlinks/plugins/payu_checkoutpro_flutter/ios"
  razorpay_web:
    :path: ".symlinks/plugins/razorpay_web/ios"
  shared_preferences_foundation:
    :path: ".symlinks/plugins/shared_preferences_foundation/darwin"
  sign_in_with_apple:
    :path: ".symlinks/plugins/sign_in_with_apple/ios"
  smart_auth:
    :path: ".symlinks/plugins/smart_auth/ios"
  sqflite:
    :path: ".symlinks/plugins/sqflite/ios"
  stripe_ios:
    :path: ".symlinks/plugins/stripe_ios/ios"
  url_launcher_ios:
    :path: ".symlinks/plugins/url_launcher_ios/ios"
  video_player_avfoundation:
    :path: ".symlinks/plugins/video_player_avfoundation/ios"
  video_thumbnail:
    :path: ".symlinks/plugins/video_thumbnail/ios"
  wakelock:
    :path: ".symlinks/plugins/wakelock/ios"
  webview_flutter_wkwebview:
    :path: ".symlinks/plugins/webview_flutter_wkwebview/ios"

SPEC CHECKSUMS:
  abseil: 926fb7a82dc6d2b8e1f2ed7f3a718bce691d1e46
  AppAuth: 3bb1d1cd9340bd09f5ed189fb00b1cc28e1e8570
  audio_service: f509d65da41b9521a61f1c404dd58651f265a567
  audio_session: 4f3e461722055d21515cf3261b64c973c062f345
  audioplayers_darwin: 877d9a4d06331c5c374595e46e16453ac7eafa40
  BoringSSL-GRPC: 3175b25143e648463a56daeaaa499c6cb86dad33
  camera_avfoundation: 3125e8cd1a4387f6f31c6c63abb8a55892a9eeeb
  cloud_firestore: 8adb36c2bc754352c717984153ecd7e6c6898047
  ffmpeg-kit-ios-min: 4e9a088f4ee9629435960b9d68e54848975f1931
  ffmpeg_kit_flutter_min: 5eff47f4965bf9d1150e98961eb6129f5ae3f28c
  Firebase: 25899099b77d255a636e3579c3d9dce10ec150d5
  firebase_auth: ff474dcf17bee5762106162e0791433024890ada
  firebase_core: 68027ba03585e3efe1608e35d3ab2777a64eabe9
  firebase_messaging: e11ea61b449e6e39741b8a309ddab803ef1eb5cd
  FirebaseAppCheckInterop: 37884781f3e16a1ba47e7ec80a1e805f987788e3
  FirebaseAuth: 3862d87d4d58deff08f705d471896a2f66e8bbf0
  FirebaseCore: 65a801af84cca84361ef9eac3fd868656968a53b
  FirebaseCoreInternal: b444828ea7cfd594fca83046b95db98a2be4f290
  FirebaseFirestore: 17bd5c8a0ea4be0fcae5a6f95f817983623adb4a
  FirebaseInstallations: 033d199474164db20c8350736842a94fe717b960
  FirebaseMessaging: 80b4a086d20ed4fd385a702f4bfa920e14f5064d
  Flutter: f04841e97a9d0b0a8025694d0796dd46242b2854
  flutter_inappwebview: 3d32228f1304635e7c028b0d4252937730bbc6cf
  flutter_share: 4be0208963c60b537e6255ed2ce1faae61cd9ac2
  fluttertoast: 31b00dabfa7fb7bacd9e7dbee580d7a2ff4bf265
  FMDB: 2ce00b547f966261cd18927a3ddb07cb6f3db82a
  gallery_saver: 9fc173c9f4fcc48af53b2a9ebea1b643255be542
  Google-Mobile-Ads-SDK: 58b4fda3f9758fc1ed210aa5cf7777b5eb55d47e
  google_mobile_ads: 511febb4768edc860ee455a9e201ff52de385908
  google_sign_in_ios: 1256ff9d941db546373826966720b0c24804bcdd
  GoogleAppMeasurement: 68afe759316673c6554dac35a0c7ae8f5d6cb4ed
  GoogleDataTransport: 57c22343ab29bc686febbf7cbb13bad167c2d8fe
  GoogleSignIn: 5651ce3a61e56ca864160e79b484cd9ed3f49b7a
  GoogleUserMessagingPlatform: dce302b8f1b84d6e945812ee7a15c3f65a102cbf
  GoogleUtilities: 0759d1a57ebb953965c2dfe0ba4c82e95ccc2e34
  "gRPC-C++": 2df8cba576898bdacd29f0266d5236fa0e26ba6a
  gRPC-Core: a21a60aefc08c68c247b439a9ef97174b0c54f96
  GTMAppAuth: 0ff230db599948a9ad7470ca667337803b3fc4dd
  GTMSessionFetcher: 3a63d75eecd6aa32c2fc79f578064e1214dfdec2
  image_picker_ios: 4a8aadfbb6dc30ad5141a2ce3832af9214a705b5
  in_app_purchase_storekit: 4fb7ee9e824b1f09107fbfbbce8c4b276366dc43
  just_audio: baa7252489dbcf47a4c7cc9ca663e9661c99aafa
  leveldb-library: f03246171cce0484482ec291f88b6d563699ee06
  libwebp: 1786c9f4ff8a279e4dac1e8f385004d5fc253009
  nanopb: d4d75c12cd1316f4a64e3c6963f879ecd4b5e0d5
  onesignal_flutter: 2c2f01520fa953d93fad18162538cc98d6da009b
  OneSignalXCFramework: 7e0a6d68dda7e80b03069bd145232f480f8c2279
  OrderedSet: aaeb196f7fef5a9edf55d89760da9176ad40b93c
  package_info_plus: 6c92f08e1f853dc01228d6f553146438dafcd14e
  path_provider_foundation: 29f094ae23ebbca9d3d0cec13889cd9060c0e943
  paytm_allinonesdk: f4e0aee24b9f08f5c6f57bd658644b34323f5b82
  payu_checkoutpro_flutter: 537ba3aa2d63b65b1a611550eb147124653d1074
  PayUIndia-Analytics: a23768b29283ef781783f38a99c1cf2235020d58
  PayUIndia-AssetLibrary: f695588fb218bd7f85def8a61b397158c6bbf38e
  PayUIndia-CardScanner: 42a10e1112f1bc954fdb407dd6de472fbf31fa27
  PayUIndia-CheckoutPro: 91693a14c873a23e775695d5b0bd745fba7ad1e0
  PayUIndia-CheckoutProBase: d782ba8c5048edb14d965933cb6b14ab5598252e
  PayUIndia-CommonUI: 474ece97366ff21dbc6aa7566443ad5a9cf897d4
  PayUIndia-CrashReporter: 597caf134e85f9b3bde7d2045cae2def1b86c544
  PayUIndia-Custom-Browser: 1b6e603c571320692930375a249926602919ee50
  PayUIndia-Logger: e353d9dd576bac593e428dfbadedf337cbb48b78
  PayUIndia-NativeOtpAssist: a8acd1c15358eb931f94b3ea2f9c08ea6fec32b7
  PayUIndia-Networking: 10487dda397cc9b221361a862b2c8ab3510c4408
  PayUIndia-NetworkReachability: 99e69781b3be99d7b713075ab7b73e6d73a153e4
  PayUIndia-PayUParams: a78c869ad7684a264c0f2be27c4e5dc7f9e806ce
  PayUIndia-PG-SDK: c25283160df7cb0fc551f44f5ea9acb7b972ad63
  PayUIndia-UPICore: 5b1e5e4acbfff3fc5fa253c9219b7e1deb89bd41
  PromisesObjC: c50d2056b5253dadbd6c2bea79b0674bd5a52fa4
  razorpay-pod: df3aa440969489d242c40ec606db9a0c7095743f
  razorpay_web: 4338051683c7e262b1defcf27c29d121ad7049d4
  RecaptchaInterop: 7d1a4a01a6b2cb1610a47ef3f85f0c411434cb21
  shared_preferences_foundation: 5b919d13b803cadd15ed2dc053125c68730e5126
  sign_in_with_apple: f3bf75217ea4c2c8b91823f225d70230119b8440
  smart_auth: 4bedbc118723912d0e45a07e8ab34039c19e04f2
  sqflite: 31f7eba61e3074736dff8807a9b41581e4f7f15a
  Stripe: e046335ab6e3f25d39f1a55bd98620a85269cffa
  stripe_ios: 37dd66ec680264019be16c5f47333f381164e6a6
  StripeApplePay: 1aa77f8ec7a6d9463fa8f49ae0672fe59dbf4c73
  StripeCore: fe10c34fb3c9ae18b986913f7e4460e7c653ce93
  StripeFinancialConnections: 6022426894046f26fe21d348da02d83d8a637fb0
  StripePayments: 7084fed30c5f03f15ae23c5dce63715ba0b53e15
  StripePaymentSheet: c8d25d4133476c6238d3cc932fb8219bb5ea49c0
  StripePaymentsUI: c12de264eda974d91e43a769f53a6c6afc9a1715
  StripeUICore: 090c4fe916d039616ce8f8de30392f4aeb33dd16
  Toast: ec33c32b8688982cecc6348adeae667c1b9938da
  url_launcher_ios: 68d46cc9766d0c41dbdc884310529557e3cd7a86
  video_player_avfoundation: 81e49bb3d9fb63dccf9fa0f6d877dc3ddbeac126
  video_thumbnail: c4e2a3c539e247d4de13cd545344fd2d26ffafd1
  wakelock: d0fc7c864128eac40eba1617cb5264d9c940b46f
  webview_flutter_wkwebview: 2e2d318f21a5e036e2c3f26171342e95908bd60a

PODFILE CHECKSUM: f3ae6c73ed5ca0021c34d5f4b8e46e28cf0a626f

COCOAPODS: 1.14.3
